
Microsoft Visual Studio Solution File, Format Version 12.00
# Visual Studio 15
VisualStudioVersion = 15.0.27703.2047
MinimumVisualStudioVersion = 10.0.40219.1
Project("{FAE04EC0-301F-11D3-BF4B-00C04F79EFBC}") = "Clone", "Clone\Clone.csproj", "{AE5E43D3-70FE-4C39-A4B9-9A97C4C35828}"
EndProject
Global
	GlobalSection(SolutionConfigurationPlatforms) = preSolution
		Debug|Any CPU = Debug|Any CPU
		Release|Any CPU = Release|Any CPU
	EndGlobalSection
	GlobalSection(ProjectConfigurationPlatforms) = postSolution
		{AE5E43D3-70FE-4C39-A4B9-9A97C4C35828}.Debug|Any CPU.ActiveCfg = Debug|Any CPU
		{AE5E43D3-70FE-4C39-A4B9-9A97C4C35828}.Debug|Any CPU.Build.0 = Debug|Any CPU
		{AE5E43D3-70FE-4C39-A4B9-9A97C4C35828}.Release|Any CPU.ActiveCfg = Release|Any CPU
		{AE5E43D3-70FE-4C39-A4B9-9A97C4C35828}.Release|Any CPU.Build.0 = Release|Any CPU
	EndGlobalSection
	GlobalSection(SolutionProperties) = preSolution
		HideSolutionNode = FALSE
	EndGlobalSection
	GlobalSection(ExtensibilityGlobals) = postSolution
		SolutionGuid = {8787353F-18F7-4E82-92D0-970F530D6539}
	EndGlobalSection
EndGlobal
