
Microsoft Visual Studio Solution File, Format Version 12.00
# Visual Studio 15
VisualStudioVersion = 15.0.27703.2047
MinimumVisualStudioVersion = 10.0.40219.1
Project("{FAE04EC0-301F-11D3-BF4B-00C04F79EFBC}") = "ClassBand", "ClassBand\ClassBand.csproj", "{BE24A6C3-EA81-42D9-BE62-2418CF4CE089}"
EndProject
Global
	GlobalSection(SolutionConfigurationPlatforms) = preSolution
		Debug|Any CPU = Debug|Any CPU
		Release|Any CPU = Release|Any CPU
	EndGlobalSection
	GlobalSection(ProjectConfigurationPlatforms) = postSolution
		{BE24A6C3-EA81-42D9-BE62-2418CF4CE089}.Debug|Any CPU.ActiveCfg = Debug|Any CPU
		{BE24A6C3-EA81-42D9-BE62-2418CF4CE089}.Debug|Any CPU.Build.0 = Debug|Any CPU
		{BE24A6C3-EA81-42D9-BE62-2418CF4CE089}.Release|Any CPU.ActiveCfg = Release|Any CPU
		{BE24A6C3-EA81-42D9-BE62-2418CF4CE089}.Release|Any CPU.Build.0 = Release|Any CPU
	EndGlobalSection
	GlobalSection(SolutionProperties) = preSolution
		HideSolutionNode = FALSE
	EndGlobalSection
	GlobalSection(ExtensibilityGlobals) = postSolution
		SolutionGuid = {B37A1EDD-8B99-4CCF-B9FD-E1DEC43FAC61}
	EndGlobalSection
EndGlobal
