
Microsoft Visual Studio Solution File, Format Version 12.00
# Visual Studio 15
VisualStudioVersion = 15.0.27703.2047
MinimumVisualStudioVersion = 10.0.40219.1
Project("{FAE04EC0-301F-11D3-BF4B-00C04F79EFBC}") = "OnlineAttendance_ex1_WithFuncDel", "OnlineAttendance_ex1_WithFuncDel\OnlineAttendance_ex1_WithFuncDel.csproj", "{846531B9-0F5A-419D-87C7-92072590C32C}"
EndProject
Global
	GlobalSection(SolutionConfigurationPlatforms) = preSolution
		Debug|Any CPU = Debug|Any CPU
		Release|Any CPU = Release|Any CPU
	EndGlobalSection
	GlobalSection(ProjectConfigurationPlatforms) = postSolution
		{846531B9-0F5A-419D-87C7-92072590C32C}.Debug|Any CPU.ActiveCfg = Debug|Any CPU
		{846531B9-0F5A-419D-87C7-92072590C32C}.Debug|Any CPU.Build.0 = Debug|Any CPU
		{846531B9-0F5A-419D-87C7-92072590C32C}.Release|Any CPU.ActiveCfg = Release|Any CPU
		{846531B9-0F5A-419D-87C7-92072590C32C}.Release|Any CPU.Build.0 = Release|Any CPU
	EndGlobalSection
	GlobalSection(SolutionProperties) = preSolution
		HideSolutionNode = FALSE
	EndGlobalSection
	GlobalSection(ExtensibilityGlobals) = postSolution
		SolutionGuid = {09D8790D-ECC7-47F3-BCB2-709D6B3E24B0}
	EndGlobalSection
EndGlobal
